{
  "requires": true,
  "lockfileVersion": 1,
  "dependencies": {
    "crisp-sdk-web": {
      "version": "1.0.5",
      "resolved": "https://repo.huaweicloud.com/repository/npm/crisp-sdk-web/-/crisp-sdk-web-1.0.5.tgz",
      "integrity": "sha512-qIS9e1/z/lrPKKBEY4ez74RcmvpNonsHGooEhHpFknq5ZpFUKM/rLG9wpoImB8ApW6M7pzQq8QXlaTmC5bQ2PQ=="
    }
  }
}
